
Microsoft Visual Studio Solution File, Format Version 12.00
# Visual Studio 2012
Project("{FAE04EC0-301F-11D3-BF4B-00C04F79EFBC}") = "Glitch.Notifier", "Glitch.Notifier\Glitch.Notifier.csproj", "{EDCBA660-02E2-4824-9C8D-33F98B8AA3BF}"
EndProject
Project("{FAE04EC0-301F-11D3-BF4B-00C04F79EFBC}") = "Glitch.Notifier.AspNet", "Glitch.Notifier.AspNet\Glitch.Notifier.AspNet.csproj", "{66611FEB-FFFA-4FB7-A855-E603797132FA}"
EndProject
Project("{FAE04EC0-301F-11D3-BF4B-00C04F79EFBC}") = "Glitch.Notifier.Tests", "Glitch.Notifier.Tests\Glitch.Notifier.Tests.csproj", "{090648E4-3E42-41B6-B5E6-163752FDC8C3}"
EndProject
Project("{FAE04EC0-301F-11D3-BF4B-00C04F79EFBC}") = "Glitch.Notifier.AspNet.Mvc", "Glitch.Notifier.AspNet.Mvc\Glitch.Notifier.AspNet.Mvc.csproj", "{23A82103-93D5-40FE-A640-DAD118366E32}"
EndProject
Project("{FAE04EC0-301F-11D3-BF4B-00C04F79EFBC}") = "Glitch.Notifier.AspNet.WebApi", "Glitch.Notifier.AspNet.WebApi\Glitch.Notifier.AspNet.WebApi.csproj", "{FA0568AE-ADF9-48BF-BB03-F03A35B01617}"
EndProject
Global
	GlobalSection(SolutionConfigurationPlatforms) = preSolution
		Debug|Any CPU = Debug|Any CPU
		Release|Any CPU = Release|Any CPU
	EndGlobalSection
	GlobalSection(ProjectConfigurationPlatforms) = postSolution
		{EDCBA660-02E2-4824-9C8D-33F98B8AA3BF}.Debug|Any CPU.ActiveCfg = Debug|Any CPU
		{EDCBA660-02E2-4824-9C8D-33F98B8AA3BF}.Debug|Any CPU.Build.0 = Debug|Any CPU
		{EDCBA660-02E2-4824-9C8D-33F98B8AA3BF}.Release|Any CPU.ActiveCfg = Release|Any CPU
		{EDCBA660-02E2-4824-9C8D-33F98B8AA3BF}.Release|Any CPU.Build.0 = Release|Any CPU
		{66611FEB-FFFA-4FB7-A855-E603797132FA}.Debug|Any CPU.ActiveCfg = Debug|Any CPU
		{66611FEB-FFFA-4FB7-A855-E603797132FA}.Debug|Any CPU.Build.0 = Debug|Any CPU
		{66611FEB-FFFA-4FB7-A855-E603797132FA}.Release|Any CPU.ActiveCfg = Release|Any CPU
		{66611FEB-FFFA-4FB7-A855-E603797132FA}.Release|Any CPU.Build.0 = Release|Any CPU
		{090648E4-3E42-41B6-B5E6-163752FDC8C3}.Debug|Any CPU.ActiveCfg = Debug|Any CPU
		{090648E4-3E42-41B6-B5E6-163752FDC8C3}.Debug|Any CPU.Build.0 = Debug|Any CPU
		{090648E4-3E42-41B6-B5E6-163752FDC8C3}.Release|Any CPU.ActiveCfg = Release|Any CPU
		{090648E4-3E42-41B6-B5E6-163752FDC8C3}.Release|Any CPU.Build.0 = Release|Any CPU
		{23A82103-93D5-40FE-A640-DAD118366E32}.Debug|Any CPU.ActiveCfg = Debug|Any CPU
		{23A82103-93D5-40FE-A640-DAD118366E32}.Debug|Any CPU.Build.0 = Debug|Any CPU
		{23A82103-93D5-40FE-A640-DAD118366E32}.Release|Any CPU.ActiveCfg = Release|Any CPU
		{23A82103-93D5-40FE-A640-DAD118366E32}.Release|Any CPU.Build.0 = Release|Any CPU
		{FA0568AE-ADF9-48BF-BB03-F03A35B01617}.Debug|Any CPU.ActiveCfg = Debug|Any CPU
		{FA0568AE-ADF9-48BF-BB03-F03A35B01617}.Debug|Any CPU.Build.0 = Debug|Any CPU
		{FA0568AE-ADF9-48BF-BB03-F03A35B01617}.Release|Any CPU.ActiveCfg = Release|Any CPU
		{FA0568AE-ADF9-48BF-BB03-F03A35B01617}.Release|Any CPU.Build.0 = Release|Any CPU
	EndGlobalSection
	GlobalSection(SolutionProperties) = preSolution
		HideSolutionNode = FALSE
	EndGlobalSection
EndGlobal
